
Microsoft Visual Studio Solution File, Format Version 12.00
# Visual Studio Version 17
VisualStudioVersion = 17.3.32811.315
MinimumVisualStudioVersion = 10.0.40219.1
Project("{FAE04EC0-301F-11D3-BF4B-00C04F79EFBC}") = "WebApplication2022", "WebApplication2022.csproj", "{75301168-7E69-4E67-9D82-E743F17EADFA}"
EndProject
Global
	GlobalSection(SolutionConfigurationPlatforms) = preSolution
		Debug|Any CPU = Debug|Any CPU
		Release|Any CPU = Release|Any CPU
	EndGlobalSection
	GlobalSection(ProjectConfigurationPlatforms) = postSolution
		{75301168-7E69-4E67-9D82-E743F17EADFA}.Debug|Any CPU.ActiveCfg = Debug|Any CPU
		{75301168-7E69-4E67-9D82-E743F17EADFA}.Debug|Any CPU.Build.0 = Debug|Any CPU
		{75301168-7E69-4E67-9D82-E743F17EADFA}.Release|Any CPU.ActiveCfg = Release|Any CPU
		{75301168-7E69-4E67-9D82-E743F17EADFA}.Release|Any CPU.Build.0 = Release|Any CPU
	EndGlobalSection
	GlobalSection(SolutionProperties) = preSolution
		HideSolutionNode = FALSE
	EndGlobalSection
	GlobalSection(ExtensibilityGlobals) = postSolution
		SolutionGuid = {68C209BC-179D-4D22-AEF5-605343C5DA19}
	EndGlobalSection
EndGlobal
